
Microsoft Visual Studio Solution File, Format Version 12.00
# Visual Studio Version 17
VisualStudioVersion = 17.4.33213.308
MinimumVisualStudioVersion = 10.0.40219.1
Project("{9A19103F-16F7-4668-BE54-9A1E7A4F7556}") = "BlazorDigitalOcean", "BlazorDigitalOcean.csproj", "{2A1EC1F5-6887-4C36-A1E7-F72AD302E44F}"
EndProject
Global
	GlobalSection(SolutionConfigurationPlatforms) = preSolution
		Debug|Any CPU = Debug|Any CPU
		Release|Any CPU = Release|Any CPU
	EndGlobalSection
	GlobalSection(ProjectConfigurationPlatforms) = postSolution
		{2A1EC1F5-6887-4C36-A1E7-F72AD302E44F}.Debug|Any CPU.ActiveCfg = Debug|Any CPU
		{2A1EC1F5-6887-4C36-A1E7-F72AD302E44F}.Debug|Any CPU.Build.0 = Debug|Any CPU
		{2A1EC1F5-6887-4C36-A1E7-F72AD302E44F}.Release|Any CPU.ActiveCfg = Release|Any CPU
		{2A1EC1F5-6887-4C36-A1E7-F72AD302E44F}.Release|Any CPU.Build.0 = Release|Any CPU
	EndGlobalSection
	GlobalSection(SolutionProperties) = preSolution
		HideSolutionNode = FALSE
	EndGlobalSection
	GlobalSection(ExtensibilityGlobals) = postSolution
		SolutionGuid = {4701FFF2-3A91-44AD-8BFD-DA9E7AB8A334}
	EndGlobalSection
EndGlobal
